// !$*UTF8*$!
{
	archiveVersion = 1;
	classes = {
	};
	objectVersion = 46;
	objects = {

/* Begin PBXBuildFile section */
		F948A1111AAD625F0039D97B /* AppDelegate.swift in Sources */ = {isa = PBXBuildFile; fileRef = F948A1101AAD625F0039D97B /* AppDelegate.swift */; };
		F948A1161AAD625F0039D97B /* Main.storyboard in Resources */ = {isa = PBXBuildFile; fileRef = F948A1141AAD625F0039D97B /* Main.storyboard */; };
		F948A1181AAD625F0039D97B /* Images.xcassets in Resources */ = {isa = PBXBuildFile; fileRef = F948A1171AAD625F0039D97B /* Images.xcassets */; };
		F948A11B1AAD625F0039D97B /* LaunchScreen.xib in Resources */ = {isa = PBXBuildFile; fileRef = F948A1191AAD625F0039D97B /* LaunchScreen.xib */; };
		F948A1271AAD625F0039D97B /* SplitViewDemoTests.swift in Sources */ = {isa = PBXBuildFile; fileRef = F948A1261AAD625F0039D97B /* SplitViewDemoTests.swift */; };
		F948A1341AAD65360039D97B /* PrimaryViewController.swift in Sources */ = {isa = PBXBuildFile; fileRef = F948A1331AAD65360039D97B /* PrimaryViewController.swift */; };
		F948A1361AAD654C0039D97B /* SecondryViewController.swift in Sources */ = {isa = PBXBuildFile; fileRef = F948A1351AAD654C0039D97B /* SecondryViewController.swift */; };
		F948A1381AAD84E60039D97B /* CustomViewController.swift in Sources */ = {isa = PBXBuildFile; fileRef = F948A1371AAD84E60039D97B /* CustomViewController.swift */; };
/* End PBXBuildFile section */

/* Begin PBXContainerItemProxy section */
		F948A1211AAD625F0039D97B /* PBXContainerItemProxy */ = {
			isa = PBXContainerItemProxy;
			containerPortal = F948A1031AAD625E0039D97B /* Project object */;
			proxyType = 1;
			remoteGlobalIDString = F948A10A1AAD625F0039D97B;
			remoteInfo = SplitViewDemo;
		};
/* End PBXContainerItemProxy section */

/* Begin PBXFileReference section */
		F948A10B1AAD625F0039D97B /* SplitViewDemo.app */ = {isa = PBXFileReference; explicitFileType = wrapper.application; includeInIndex = 0; path = SplitViewDemo.app; sourceTree = BUILT_PRODUCTS_DIR; };
		F948A10F1AAD625F0039D97B /* Info.plist */ = {isa = PBXFileReference; lastKnownFileType = text.plist.xml; path = Info.plist; sourceTree = "<group>"; };
		F948A1101AAD625F0039D97B /* AppDelegate.swift */ = {isa = PBXFileReference; lastKnownFileType = sourcecode.swift; path = AppDelegate.swift; sourceTree = "<group>"; };
		F948A1151AAD625F0039D97B /* Base */ = {isa = PBXFileReference; lastKnownFileType = file.storyboard; name = Base; path = Base.lproj/Main.storyboard; sourceTree = "<group>"; };
		F948A1171AAD625F0039D97B /* Images.xcassets */ = {isa = PBXFileReference; lastKnownFileType = folder.assetcatalog; path = Images.xcassets; sourceTree = "<group>"; };
		F948A11A1AAD625F0039D97B /* Base */ = {isa = PBXFileReference; lastKnownFileType = file.xib; name = Base; path = Base.lproj/LaunchScreen.xib; sourceTree = "<group>"; };
		F948A1201AAD625F0039D97B /* SplitViewDemoTests.xctest */ = {isa = PBXFileReference; explicitFileType = wrapper.cfbundle; includeInIndex = 0; path = SplitViewDemoTests.xctest; sourceTree = BUILT_PRODUCTS_DIR; };
		F948A1251AAD625F0039D97B /* Info.plist */ = {isa = PBXFileReference; lastKnownFileType = text.plist.xml; path = Info.plist; sourceTree = "<group>"; };
		F948A1261AAD625F0039D97B /* SplitViewDemoTests.swift */ = {isa = PBXFileReference; lastKnownFileType = sourcecode.swift; path = SplitViewDemoTests.swift; sourceTree = "<group>"; };
		F948A1331AAD65360039D97B /* PrimaryViewController.swift */ = {isa = PBXFileReference; fileEncoding = 4; lastKnownFileType = sourcecode.swift; path = PrimaryViewController.swift; sourceTree = "<group>"; };
		F948A1351AAD654C0039D97B /* SecondryViewController.swift */ = {isa = PBXFileReference; fileEncoding = 4; lastKnownFileType = sourcecode.swift; path = SecondryViewController.swift; sourceTree = "<group>"; };
		F948A1371AAD84E60039D97B /* CustomViewController.swift */ = {isa = PBXFileReference; fileEncoding = 4; lastKnownFileType = sourcecode.swift; path = CustomViewController.swift; sourceTree = "<group>"; };
/* End PBXFileReference section */

/* Begin PBXFrameworksBuildPhase section */
		F948A1081AAD625F0039D97B /* Frameworks */ = {
			isa = PBXFrameworksBuildPhase;
			buildActionMask = 2147483647;
			files = (
			);
			runOnlyForDeploymentPostprocessing = 0;
		};
		F948A11D1AAD625F0039D97B /* Frameworks */ = {
			isa = PBXFrameworksBuildPhase;
			buildActionMask = 2147483647;
			files = (
			);
			runOnlyForDeploymentPostprocessing = 0;
		};
/* End PBXFrameworksBuildPhase section */

/* Begin PBXGroup section */
		F948A1021AAD625E0039D97B = {
			isa = PBXGroup;
			children = (
				F948A10D1AAD625F0039D97B /* SplitViewDemo */,
				F948A1231AAD625F0039D97B /* SplitViewDemoTests */,
				F948A10C1AAD625F0039D97B /* Products */,
			);
			sourceTree = "<group>";
		};
		F948A10C1AAD625F0039D97B /* Products */ = {
			isa = PBXGroup;
			children = (
				F948A10B1AAD625F0039D97B /* SplitViewDemo.app */,
				F948A1201AAD625F0039D97B /* SplitViewDemoTests.xctest */,
			);
			name = Products;
			sourceTree = "<group>";
		};
		F948A10D1AAD625F0039D97B /* SplitViewDemo */ = {
			isa = PBXGroup;
			children = (
				F948A1101AAD625F0039D97B /* AppDelegate.swift */,
				F948A1191AAD625F0039D97B /* LaunchScreen.xib */,
				F948A1141AAD625F0039D97B /* Main.storyboard */,
				F948A1321AAD65010039D97B /* Views */,
				F948A1171AAD625F0039D97B /* Images.xcassets */,
				F948A10E1AAD625F0039D97B /* Supporting Files */,
			);
			path = SplitViewDemo;
			sourceTree = "<group>";
		};
		F948A10E1AAD625F0039D97B /* Supporting Files */ = {
			isa = PBXGroup;
			children = (
				F948A10F1AAD625F0039D97B /* Info.plist */,
			);
			name = "Supporting Files";
			sourceTree = "<group>";
		};
		F948A1231AAD625F0039D97B /* SplitViewDemoTests */ = {
			isa = PBXGroup;
			children = (
				F948A1261AAD625F0039D97B /* SplitViewDemoTests.swift */,
				F948A1241AAD625F0039D97B /* Supporting Files */,
			);
			path = SplitViewDemoTests;
			sourceTree = "<group>";
		};
		F948A1241AAD625F0039D97B /* Supporting Files */ = {
			isa = PBXGroup;
			children = (
				F948A1251AAD625F0039D97B /* Info.plist */,
			);
			name = "Supporting Files";
			sourceTree = "<group>";
		};
		F948A1321AAD65010039D97B /* Views */ = {
			isa = PBXGroup;
			children = (
				F948A1331AAD65360039D97B /* PrimaryViewController.swift */,
				F948A1351AAD654C0039D97B /* SecondryViewController.swift */,
				F948A1371AAD84E60039D97B /* CustomViewController.swift */,
			);
			path = Views;
			sourceTree = "<group>";
		};
/* End PBXGroup section */

/* Begin PBXNativeTarget section */
		F948A10A1AAD625F0039D97B /* SplitViewDemo */ = {
			isa = PBXNativeTarget;
			buildConfigurationList = F948A12A1AAD625F0039D97B /* Build configuration list for PBXNativeTarget "SplitViewDemo" */;
			buildPhases = (
				F948A1071AAD625F0039D97B /* Sources */,
				F948A1081AAD625F0039D97B /* Frameworks */,
				F948A1091AAD625F0039D97B /* Resources */,
			);
			buildRules = (
			);
			dependencies = (
			);
			name = SplitViewDemo;
			productName = SplitViewDemo;
			productReference = F948A10B1AAD625F0039D97B /* SplitViewDemo.app */;
			productType = "com.apple.product-type.application";
		};
		F948A11F1AAD625F0039D97B /* SplitViewDemoTests */ = {
			isa = PBXNativeTarget;
			buildConfigurationList = F948A12D1AAD625F0039D97B /* Build configuration list for PBXNativeTarget "SplitViewDemoTests" */;
			buildPhases = (
				F948A11C1AAD625F0039D97B /* Sources */,
				F948A11D1AAD625F0039D97B /* Frameworks */,
				F948A11E1AAD625F0039D97B /* Resources */,
			);
			buildRules = (
			);
			dependencies = (
				F948A1221AAD625F0039D97B /* PBXTargetDependency */,
			);
			name = SplitViewDemoTests;
			productName = SplitViewDemoTests;
			productReference = F948A1201AAD625F0039D97B /* SplitViewDemoTests.xctest */;
			productType = "com.apple.product-type.bundle.unit-test";
		};
/* End PBXNativeTarget section */

/* Begin PBXProject section */
		F948A1031AAD625E0039D97B /* Project object */ = {
			isa = PBXProject;
			attributes = {
				LastUpgradeCheck = 0610;
				ORGANIZATIONNAME = TheAppGuruz;
				TargetAttributes = {
					F948A10A1AAD625F0039D97B = {
						CreatedOnToolsVersion = 6.1.1;
					};
					F948A11F1AAD625F0039D97B = {
						CreatedOnToolsVersion = 6.1.1;
						TestTargetID = F948A10A1AAD625F0039D97B;
					};
				};
			};
			buildConfigurationList = F948A1061AAD625E0039D97B /* Build configuration list for PBXProject "SplitViewDemo" */;
			compatibilityVersion = "Xcode 3.2";
			developmentRegion = English;
			hasScannedForEncodings = 0;
			knownRegions = (
				en,
				Base,
			);
			mainGroup = F948A1021AAD625E0039D97B;
			productRefGroup = F948A10C1AAD625F0039D97B /* Products */;
			projectDirPath = "";
			projectRoot = "";
			targets = (
				F948A10A1AAD625F0039D97B /* SplitViewDemo */,
				F948A11F1AAD625F0039D97B /* SplitViewDemoTests */,
			);
		};
/* End PBXProject section */

/* Begin PBXResourcesBuildPhase section */
		F948A1091AAD625F0039D97B /* Resources */ = {
			isa = PBXResourcesBuildPhase;
			buildActionMask = 2147483647;
			files = (
				F948A1161AAD625F0039D97B /* Main.storyboard in Resources */,
				F948A11B1AAD625F0039D97B /* LaunchScreen.xib in Resources */,
				F948A1181AAD625F0039D97B /* Images.xcassets in Resources */,
			);
			runOnlyForDeploymentPostprocessing = 0;
		};
		F948A11E1AAD625F0039D97B /* Resources */ = {
			isa = PBXResourcesBuildPhase;
			buildActionMask = 2147483647;
			files = (
			);
			runOnlyForDeploymentPostprocessing = 0;
		};
/* End PBXResourcesBuildPhase section */

/* Begin PBXSourcesBuildPhase section */
		F948A1071AAD625F0039D97B /* Sources */ = {
			isa = PBXSourcesBuildPhase;
			buildActionMask = 2147483647;
			files = (
				F948A1361AAD654C0039D97B /* SecondryViewController.swift in Sources */,
				F948A1111AAD625F0039D97B /* AppDelegate.swift in Sources */,
				F948A1341AAD65360039D97B /* PrimaryViewController.swift in Sources */,
				F948A1381AAD84E60039D97B /* CustomViewController.swift in Sources */,
			);
			runOnlyForDeploymentPostprocessing = 0;
		};
		F948A11C1AAD625F0039D97B /* Sources */ = {
			isa = PBXSourcesBuildPhase;
			buildActionMask = 2147483647;
			files = (
				F948A1271AAD625F0039D97B /* SplitViewDemoTests.swift in Sources */,
			);
			runOnlyForDeploymentPostprocessing = 0;
		};
/* End PBXSourcesBuildPhase section */

/* Begin PBXTargetDependency section */
		F948A1221AAD625F0039D97B /* PBXTargetDependency */ = {
			isa = PBXTargetDependency;
			target = F948A10A1AAD625F0039D97B /* SplitViewDemo */;
			targetProxy = F948A1211AAD625F0039D97B /* PBXContainerItemProxy */;
		};
/* End PBXTargetDependency section */

/* Begin PBXVariantGroup section */
		F948A1141AAD625F0039D97B /* Main.storyboard */ = {
			isa = PBXVariantGroup;
			children = (
				F948A1151AAD625F0039D97B /* Base */,
			);
			name = Main.storyboard;
			sourceTree = "<group>";
		};
		F948A1191AAD625F0039D97B /* LaunchScreen.xib */ = {
			isa = PBXVariantGroup;
			children = (
				F948A11A1AAD625F0039D97B /* Base */,
			);
			name = LaunchScreen.xib;
			sourceTree = "<group>";
		};
/* End PBXVariantGroup section */

/* Begin XCBuildConfiguration section */
		F948A1281AAD625F0039D97B /* Debug */ = {
			isa = XCBuildConfiguration;
			buildSettings = {
				ALWAYS_SEARCH_USER_PATHS = NO;
				CLANG_CXX_LANGUAGE_STANDARD = "gnu++0x";
				CLANG_CXX_LIBRARY = "libc++";
				CLANG_ENABLE_MODULES = YES;
				CLANG_ENABLE_OBJC_ARC = YES;
				CLANG_WARN_BOOL_CONVERSION = YES;
				CLANG_WARN_CONSTANT_CONVERSION = YES;
				CLANG_WARN_DIRECT_OBJC_ISA_USAGE = YES_ERROR;
				CLANG_WARN_EMPTY_BODY = YES;
				CLANG_WARN_ENUM_CONVERSION = YES;
				CLANG_WARN_INT_CONVERSION = YES;
				CLANG_WARN_OBJC_ROOT_CLASS = YES_ERROR;
				CLANG_WARN_UNREACHABLE_CODE = YES;
				CLANG_WARN__DUPLICATE_METHOD_MATCH = YES;
				"CODE_SIGN_IDENTITY[sdk=iphoneos*]" = "iPhone Developer";
				COPY_PHASE_STRIP = NO;
				ENABLE_STRICT_OBJC_MSGSEND = YES;
				GCC_C_LANGUAGE_STANDARD = gnu99;
				GCC_DYNAMIC_NO_PIC = NO;
				GCC_OPTIMIZATION_LEVEL = 0;
				GCC_PREPROCESSOR_DEFINITIONS = (
					"DEBUG=1",
					"$(inherited)",
				);
				GCC_SYMBOLS_PRIVATE_EXTERN = NO;
				GCC_WARN_64_TO_32_BIT_CONVERSION = YES;
				GCC_WARN_ABOUT_RETURN_TYPE = YES_ERROR;
				GCC_WARN_UNDECLARED_SELECTOR = YES;
				GCC_WARN_UNINITIALIZED_AUTOS = YES_AGGRESSIVE;
				GCC_WARN_UNUSED_FUNCTION = YES;
				GCC_WARN_UNUSED_VARIABLE = YES;
				IPHONEOS_DEPLOYMENT_TARGET = 8.1;
				MTL_ENABLE_DEBUG_INFO = YES;
				ONLY_ACTIVE_ARCH = YES;
				SDKROOT = iphoneos;
				SWIFT_OPTIMIZATION_LEVEL = "-Onone";
			};
			name = Debug;
		};
		F948A1291AAD625F0039D97B /* Release */ = {
			isa = XCBuildConfiguration;
			buildSettings = {
				ALWAYS_SEARCH_USER_PATHS = NO;
				CLANG_CXX_LANGUAGE_STANDARD = "gnu++0x";
				CLANG_CXX_LIBRARY = "libc++";
				CLANG_ENABLE_MODULES = YES;
				CLANG_ENABLE_OBJC_ARC = YES;
				CLANG_WARN_BOOL_CONVERSION = YES;
				CLANG_WARN_CONSTANT_CONVERSION = YES;
				CLANG_WARN_DIRECT_OBJC_ISA_USAGE = YES_ERROR;
				CLANG_WARN_EMPTY_BODY = YES;
				CLANG_WARN_ENUM_CONVERSION = YES;
				CLANG_WARN_INT_CONVERSION = YES;
				CLANG_WARN_OBJC_ROOT_CLASS = YES_ERROR;
				CLANG_WARN_UNREACHABLE_CODE = YES;
				CLANG_WARN__DUPLICATE_METHOD_MATCH = YES;
				"CODE_SIGN_IDENTITY[sdk=iphoneos*]" = "iPhone Developer";
				COPY_PHASE_STRIP = YES;
				ENABLE_NS_ASSERTIONS = NO;
				ENABLE_STRICT_OBJC_MSGSEND = YES;
				GCC_C_LANGUAGE_STANDARD = gnu99;
				GCC_WARN_64_TO_32_BIT_CONVERSION = YES;
				GCC_WARN_ABOUT_RETURN_TYPE = YES_ERROR;
				GCC_WARN_UNDECLARED_SELECTOR = YES;
				GCC_WARN_UNINITIALIZED_AUTOS = YES_AGGRESSIVE;
				GCC_WARN_UNUSED_FUNCTION = YES;
				GCC_WARN_UNUSED_VARIABLE = YES;
				IPHONEOS_DEPLOYMENT_TARGET = 8.1;
				MTL_ENABLE_DEBUG_INFO = NO;
				SDKROOT = iphoneos;
				VALIDATE_PRODUCT = YES;
			};
			name = Release;
		};
		F948A12B1AAD625F0039D97B /* Debug */ = {
			isa = XCBuildConfiguration;
			buildSettings = {
				ASSETCATALOG_COMPILER_APPICON_NAME = AppIcon;
				INFOPLIST_FILE = SplitViewDemo/Info.plist;
				LD_RUNPATH_SEARCH_PATHS = "$(inherited) @executable_path/Frameworks";
				PRODUCT_NAME = "$(TARGET_NAME)";
			};
			name = Debug;
		};
		F948A12C1AAD625F0039D97B /* Release */ = {
			isa = XCBuildConfiguration;
			buildSettings = {
				ASSETCATALOG_COMPILER_APPICON_NAME = AppIcon;
				INFOPLIST_FILE = SplitViewDemo/Info.plist;
				LD_RUNPATH_SEARCH_PATHS = "$(inherited) @executable_path/Frameworks";
				PRODUCT_NAME = "$(TARGET_NAME)";
			};
			name = Release;
		};
		F948A12E1AAD625F0039D97B /* Debug */ = {
			isa = XCBuildConfiguration;
			buildSettings = {
				BUNDLE_LOADER = "$(TEST_HOST)";
				FRAMEWORK_SEARCH_PATHS = (
					"$(SDKROOT)/Developer/Library/Frameworks",
					"$(inherited)",
				);
				GCC_PREPROCESSOR_DEFINITIONS = (
					"DEBUG=1",
					"$(inherited)",
				);
				INFOPLIST_FILE = SplitViewDemoTests/Info.plist;
				LD_RUNPATH_SEARCH_PATHS = "$(inherited) @executable_path/Frameworks @loader_path/Frameworks";
				PRODUCT_NAME = "$(TARGET_NAME)";
				TEST_HOST = "$(BUILT_PRODUCTS_DIR)/SplitViewDemo.app/SplitViewDemo";
			};
			name = Debug;
		};
		F948A12F1AAD625F0039D97B /* Release */ = {
			isa = XCBuildConfiguration;
			buildSettings = {
				BUNDLE_LOADER = "$(TEST_HOST)";
				FRAMEWORK_SEARCH_PATHS = (
					"$(SDKROOT)/Developer/Library/Frameworks",
					"$(inherited)",
				);
				INFOPLIST_FILE = SplitViewDemoTests/Info.plist;
				LD_RUNPATH_SEARCH_PATHS = "$(inherited) @executable_path/Frameworks @loader_path/Frameworks";
				PRODUCT_NAME = "$(TARGET_NAME)";
				TEST_HOST = "$(BUILT_PRODUCTS_DIR)/SplitViewDemo.app/SplitViewDemo";
			};
			name = Release;
		};
/* End XCBuildConfiguration section */

/* Begin XCConfigurationList section */
		F948A1061AAD625E0039D97B /* Build configuration list for PBXProject "SplitViewDemo" */ = {
			isa = XCConfigurationList;
			buildConfigurations = (
				F948A1281AAD625F0039D97B /* Debug */,
				F948A1291AAD625F0039D97B /* Release */,
			);
			defaultConfigurationIsVisible = 0;
			defaultConfigurationName = Release;
		};
		F948A12A1AAD625F0039D97B /* Build configuration list for PBXNativeTarget "SplitViewDemo" */ = {
			isa = XCConfigurationList;
			buildConfigurations = (
				F948A12B1AAD625F0039D97B /* Debug */,
				F948A12C1AAD625F0039D97B /* Release */,
			);
			defaultConfigurationIsVisible = 0;
		};
		F948A12D1AAD625F0039D97B /* Build configuration list for PBXNativeTarget "SplitViewDemoTests" */ = {
			isa = XCConfigurationList;
			buildConfigurations = (
				F948A12E1AAD625F0039D97B /* Debug */,
				F948A12F1AAD625F0039D97B /* Release */,
			);
			defaultConfigurationIsVisible = 0;
		};
/* End XCConfigurationList section */
	};
	rootObject = F948A1031AAD625E0039D97B /* Project object */;
}
